{
  "name": "avada-revert-image",
  "version": "1.0.0",
  "lockfileVersion": 3,
  "requires": true,
  "packages": {
    "": {
      "name": "avada-revert-image",
      "version": "1.0.0",
      "license": "ISC",
      "dependencies": {
        "chrome-types": "^0.1.345"
      }
    },
    "node_modules/chrome-types": {
      "version": "0.1.345",
      "resolved": "https://registry.npmjs.org/chrome-types/-/chrome-types-0.1.345.tgz",
      "integrity": "sha512-yvrWj6lKVTIrWxinIZxIiT/dM/KeDZJANO2JQ4wWHwB8xNt5I0M4nDVEXX4+fNmGAuXqqZQRZH2ZJPEwmA3F1Q==",
      "license": "Apache-2.0"
    }
  }
}
